// !$*UTF8*$!
{
	archiveVersion = 1;
	classes = {
	};
	objectVersion = 50;
	objects = {

/* Begin PBXBuildFile section */
		070CE4612617E3B40044F8AF /* AppDelegate.swift in Sources */ = {isa = PBXBuildFile; fileRef = 070CE4602617E3B40044F8AF /* AppDelegate.swift */; };
		070CE4632617E3B40044F8AF /* SceneDelegate.swift in Sources */ = {isa = PBXBuildFile; fileRef = 070CE4622617E3B40044F8AF /* SceneDelegate.swift */; };
		070CE4652617E3B40044F8AF /* ViewController.swift in Sources */ = {isa = PBXBuildFile; fileRef = 070CE4642617E3B40044F8AF /* ViewController.swift */; };
		070CE4682617E3B40044F8AF /* Main.storyboard in Resources */ = {isa = PBXBuildFile; fileRef = 070CE4662617E3B40044F8AF /* Main.storyboard */; };
		070CE46A2617E3B60044F8AF /* Assets.xcassets in Resources */ = {isa = PBXBuildFile; fileRef = 070CE4692617E3B60044F8AF /* Assets.xcassets */; };
		070CE46D2617E3B60044F8AF /* LaunchScreen.storyboard in Resources */ = {isa = PBXBuildFile; fileRef = 070CE46B2617E3B60044F8AF /* LaunchScreen.storyboard */; };
		070CE47A2617F1260044F8AF /* models.xcassets in Resources */ = {isa = PBXBuildFile; fileRef = 070CE4792617F1260044F8AF /* models.xcassets */; };
		070CE4852617FAD70044F8AF /* robot.usdz in Resources */ = {isa = PBXBuildFile; fileRef = 070CE4842617FAD70044F8AF /* robot.usdz */; };
		070CE48B2618DC650044F8AF /* art.scnassets in Resources */ = {isa = PBXBuildFile; fileRef = 070CE48A2618DC650044F8AF /* art.scnassets */; };
		070CE4902618E7DE0044F8AF /* schmitze.json in Resources */ = {isa = PBXBuildFile; fileRef = 070CE48F2618E7DE0044F8AF /* schmitze.json */; };
		070CE4962618E8C30044F8AF /* ARMetaData.swift in Sources */ = {isa = PBXBuildFile; fileRef = 070CE4932618E8C30044F8AF /* ARMetaData.swift */; };
		070CE4972618E8C30044F8AF /* ARJointPositionDataModel.swift in Sources */ = {isa = PBXBuildFile; fileRef = 070CE4942618E8C30044F8AF /* ARJointPositionDataModel.swift */; };
		070CE4982618E8C30044F8AF /* ARFrameDataPayload.swift in Sources */ = {isa = PBXBuildFile; fileRef = 070CE4952618E8C30044F8AF /* ARFrameDataPayload.swift */; };
		070CE49B261905F10044F8AF /* ARWrapperDataModel.swift in Sources */ = {isa = PBXBuildFile; fileRef = 070CE49A261905F10044F8AF /* ARWrapperDataModel.swift */; };
/* End PBXBuildFile section */

/* Begin PBXFileReference section */
		070CE45D2617E3B40044F8AF /* Pose Playback.app */ = {isa = PBXFileReference; explicitFileType = wrapper.application; includeInIndex = 0; path = "Pose Playback.app"; sourceTree = BUILT_PRODUCTS_DIR; };
		070CE4602617E3B40044F8AF /* AppDelegate.swift */ = {isa = PBXFileReference; lastKnownFileType = sourcecode.swift; path = AppDelegate.swift; sourceTree = "<group>"; };
		070CE4622617E3B40044F8AF /* SceneDelegate.swift */ = {isa = PBXFileReference; lastKnownFileType = sourcecode.swift; path = SceneDelegate.swift; sourceTree = "<group>"; };
		070CE4642617E3B40044F8AF /* ViewController.swift */ = {isa = PBXFileReference; lastKnownFileType = sourcecode.swift; path = ViewController.swift; sourceTree = "<group>"; };
		070CE4672617E3B40044F8AF /* Base */ = {isa = PBXFileReference; lastKnownFileType = file.storyboard; name = Base; path = Base.lproj/Main.storyboard; sourceTree = "<group>"; };
		070CE4692617E3B60044F8AF /* Assets.xcassets */ = {isa = PBXFileReference; lastKnownFileType = folder.assetcatalog; path = Assets.xcassets; sourceTree = "<group>"; };
		070CE46C2617E3B60044F8AF /* Base */ = {isa = PBXFileReference; lastKnownFileType = file.storyboard; name = Base; path = Base.lproj/LaunchScreen.storyboard; sourceTree = "<group>"; };
		070CE46E2617E3B60044F8AF /* Info.plist */ = {isa = PBXFileReference; lastKnownFileType = text.plist.xml; path = Info.plist; sourceTree = "<group>"; };
		070CE4792617F1260044F8AF /* models.xcassets */ = {isa = PBXFileReference; lastKnownFileType = folder.assetcatalog; path = models.xcassets; sourceTree = "<group>"; };
		070CE4842617FAD70044F8AF /* robot.usdz */ = {isa = PBXFileReference; lastKnownFileType = file.usdz; path = robot.usdz; sourceTree = "<group>"; };
		070CE48A2618DC650044F8AF /* art.scnassets */ = {isa = PBXFileReference; lastKnownFileType = wrapper.scnassets; path = art.scnassets; sourceTree = "<group>"; };
		070CE48F2618E7DE0044F8AF /* schmitze.json */ = {isa = PBXFileReference; fileEncoding = 4; lastKnownFileType = text.json; path = schmitze.json; sourceTree = "<group>"; };
		070CE4932618E8C30044F8AF /* ARMetaData.swift */ = {isa = PBXFileReference; fileEncoding = 4; lastKnownFileType = sourcecode.swift; path = ARMetaData.swift; sourceTree = "<group>"; };
		070CE4942618E8C30044F8AF /* ARJointPositionDataModel.swift */ = {isa = PBXFileReference; fileEncoding = 4; lastKnownFileType = sourcecode.swift; path = ARJointPositionDataModel.swift; sourceTree = "<group>"; };
		070CE4952618E8C30044F8AF /* ARFrameDataPayload.swift */ = {isa = PBXFileReference; fileEncoding = 4; lastKnownFileType = sourcecode.swift; path = ARFrameDataPayload.swift; sourceTree = "<group>"; };
		070CE49A261905F10044F8AF /* ARWrapperDataModel.swift */ = {isa = PBXFileReference; lastKnownFileType = sourcecode.swift; path = ARWrapperDataModel.swift; sourceTree = "<group>"; };
/* End PBXFileReference section */

/* Begin PBXFrameworksBuildPhase section */
		070CE45A2617E3B40044F8AF /* Frameworks */ = {
			isa = PBXFrameworksBuildPhase;
			buildActionMask = 2147483647;
			files = (
			);
			runOnlyForDeploymentPostprocessing = 0;
		};
/* End PBXFrameworksBuildPhase section */

/* Begin PBXGroup section */
		070CE4542617E3B30044F8AF = {
			isa = PBXGroup;
			children = (
				070CE45F2617E3B40044F8AF /* Pose Playback */,
				070CE45E2617E3B40044F8AF /* Products */,
			);
			sourceTree = "<group>";
		};
		070CE45E2617E3B40044F8AF /* Products */ = {
			isa = PBXGroup;
			children = (
				070CE45D2617E3B40044F8AF /* Pose Playback.app */,
			);
			name = Products;
			sourceTree = "<group>";
		};
		070CE45F2617E3B40044F8AF /* Pose Playback */ = {
			isa = PBXGroup;
			children = (
				070CE4922618E7EC0044F8AF /* DataModels */,
				070CE48E2618E7AC0044F8AF /* Data */,
				070CE4602617E3B40044F8AF /* AppDelegate.swift */,
				070CE4622617E3B40044F8AF /* SceneDelegate.swift */,
				070CE4642617E3B40044F8AF /* ViewController.swift */,
				070CE4662617E3B40044F8AF /* Main.storyboard */,
				070CE4692617E3B60044F8AF /* Assets.xcassets */,
				070CE46B2617E3B60044F8AF /* LaunchScreen.storyboard */,
				070CE46E2617E3B60044F8AF /* Info.plist */,
				070CE4792617F1260044F8AF /* models.xcassets */,
				070CE4842617FAD70044F8AF /* robot.usdz */,
				070CE48A2618DC650044F8AF /* art.scnassets */,
			);
			path = "Pose Playback";
			sourceTree = "<group>";
		};
		070CE48E2618E7AC0044F8AF /* Data */ = {
			isa = PBXGroup;
			children = (
				070CE48F2618E7DE0044F8AF /* schmitze.json */,
			);
			path = Data;
			sourceTree = "<group>";
		};
		070CE4922618E7EC0044F8AF /* DataModels */ = {
			isa = PBXGroup;
			children = (
				070CE4952618E8C30044F8AF /* ARFrameDataPayload.swift */,
				070CE4942618E8C30044F8AF /* ARJointPositionDataModel.swift */,
				070CE4932618E8C30044F8AF /* ARMetaData.swift */,
				070CE49A261905F10044F8AF /* ARWrapperDataModel.swift */,
			);
			path = DataModels;
			sourceTree = "<group>";
		};
/* End PBXGroup section */

/* Begin PBXNativeTarget section */
		070CE45C2617E3B40044F8AF /* Pose Playback */ = {
			isa = PBXNativeTarget;
			buildConfigurationList = 070CE4712617E3B60044F8AF /* Build configuration list for PBXNativeTarget "Pose Playback" */;
			buildPhases = (
				070CE4592617E3B40044F8AF /* Sources */,
				070CE45A2617E3B40044F8AF /* Frameworks */,
				070CE45B2617E3B40044F8AF /* Resources */,
			);
			buildRules = (
			);
			dependencies = (
			);
			name = "Pose Playback";
			productName = "Pose Playback";
			productReference = 070CE45D2617E3B40044F8AF /* Pose Playback.app */;
			productType = "com.apple.product-type.application";
		};
/* End PBXNativeTarget section */

/* Begin PBXProject section */
		070CE4552617E3B30044F8AF /* Project object */ = {
			isa = PBXProject;
			attributes = {
				LastSwiftUpdateCheck = 1240;
				LastUpgradeCheck = 1240;
				TargetAttributes = {
					070CE45C2617E3B40044F8AF = {
						CreatedOnToolsVersion = 12.4;
					};
				};
			};
			buildConfigurationList = 070CE4582617E3B30044F8AF /* Build configuration list for PBXProject "Pose Playback" */;
			compatibilityVersion = "Xcode 9.3";
			developmentRegion = en;
			hasScannedForEncodings = 0;
			knownRegions = (
				en,
				Base,
			);
			mainGroup = 070CE4542617E3B30044F8AF;
			productRefGroup = 070CE45E2617E3B40044F8AF /* Products */;
			projectDirPath = "";
			projectRoot = "";
			targets = (
				070CE45C2617E3B40044F8AF /* Pose Playback */,
			);
		};
/* End PBXProject section */

/* Begin PBXResourcesBuildPhase section */
		070CE45B2617E3B40044F8AF /* Resources */ = {
			isa = PBXResourcesBuildPhase;
			buildActionMask = 2147483647;
			files = (
				070CE46D2617E3B60044F8AF /* LaunchScreen.storyboard in Resources */,
				070CE4852617FAD70044F8AF /* robot.usdz in Resources */,
				070CE4902618E7DE0044F8AF /* schmitze.json in Resources */,
				070CE46A2617E3B60044F8AF /* Assets.xcassets in Resources */,
				070CE48B2618DC650044F8AF /* art.scnassets in Resources */,
				070CE47A2617F1260044F8AF /* models.xcassets in Resources */,
				070CE4682617E3B40044F8AF /* Main.storyboard in Resources */,
			);
			runOnlyForDeploymentPostprocessing = 0;
		};
/* End PBXResourcesBuildPhase section */

/* Begin PBXSourcesBuildPhase section */
		070CE4592617E3B40044F8AF /* Sources */ = {
			isa = PBXSourcesBuildPhase;
			buildActionMask = 2147483647;
			files = (
				070CE4652617E3B40044F8AF /* ViewController.swift in Sources */,
				070CE4612617E3B40044F8AF /* AppDelegate.swift in Sources */,
				070CE4972618E8C30044F8AF /* ARJointPositionDataModel.swift in Sources */,
				070CE49B261905F10044F8AF /* ARWrapperDataModel.swift in Sources */,
				070CE4632617E3B40044F8AF /* SceneDelegate.swift in Sources */,
				070CE4962618E8C30044F8AF /* ARMetaData.swift in Sources */,
				070CE4982618E8C30044F8AF /* ARFrameDataPayload.swift in Sources */,
			);
			runOnlyForDeploymentPostprocessing = 0;
		};
/* End PBXSourcesBuildPhase section */

/* Begin PBXVariantGroup section */
		070CE4662617E3B40044F8AF /* Main.storyboard */ = {
			isa = PBXVariantGroup;
			children = (
				070CE4672617E3B40044F8AF /* Base */,
			);
			name = Main.storyboard;
			sourceTree = "<group>";
		};
		070CE46B2617E3B60044F8AF /* LaunchScreen.storyboard */ = {
			isa = PBXVariantGroup;
			children = (
				070CE46C2617E3B60044F8AF /* Base */,
			);
			name = LaunchScreen.storyboard;
			sourceTree = "<group>";
		};
/* End PBXVariantGroup section */

/* Begin XCBuildConfiguration section */
		070CE46F2617E3B60044F8AF /* Debug */ = {
			isa = XCBuildConfiguration;
			buildSettings = {
				ALWAYS_SEARCH_USER_PATHS = NO;
				CLANG_ANALYZER_NONNULL = YES;
				CLANG_ANALYZER_NUMBER_OBJECT_CONVERSION = YES_AGGRESSIVE;
				CLANG_CXX_LANGUAGE_STANDARD = "gnu++14";
				CLANG_CXX_LIBRARY = "libc++";
				CLANG_ENABLE_MODULES = YES;
				CLANG_ENABLE_OBJC_ARC = YES;
				CLANG_ENABLE_OBJC_WEAK = YES;
				CLANG_WARN_BLOCK_CAPTURE_AUTORELEASING = YES;
				CLANG_WARN_BOOL_CONVERSION = YES;
				CLANG_WARN_COMMA = YES;
				CLANG_WARN_CONSTANT_CONVERSION = YES;
				CLANG_WARN_DEPRECATED_OBJC_IMPLEMENTATIONS = YES;
				CLANG_WARN_DIRECT_OBJC_ISA_USAGE = YES_ERROR;
				CLANG_WARN_DOCUMENTATION_COMMENTS = YES;
				CLANG_WARN_EMPTY_BODY = YES;
				CLANG_WARN_ENUM_CONVERSION = YES;
				CLANG_WARN_INFINITE_RECURSION = YES;
				CLANG_WARN_INT_CONVERSION = YES;
				CLANG_WARN_NON_LITERAL_NULL_CONVERSION = YES;
				CLANG_WARN_OBJC_IMPLICIT_RETAIN_SELF = YES;
				CLANG_WARN_OBJC_LITERAL_CONVERSION = YES;
				CLANG_WARN_OBJC_ROOT_CLASS = YES_ERROR;
				CLANG_WARN_QUOTED_INCLUDE_IN_FRAMEWORK_HEADER = YES;
				CLANG_WARN_RANGE_LOOP_ANALYSIS = YES;
				CLANG_WARN_STRICT_PROTOTYPES = YES;
				CLANG_WARN_SUSPICIOUS_MOVE = YES;
				CLANG_WARN_UNGUARDED_AVAILABILITY = YES_AGGRESSIVE;
				CLANG_WARN_UNREACHABLE_CODE = YES;
				CLANG_WARN__DUPLICATE_METHOD_MATCH = YES;
				COPY_PHASE_STRIP = NO;
				DEBUG_INFORMATION_FORMAT = dwarf;
				ENABLE_STRICT_OBJC_MSGSEND = YES;
				ENABLE_TESTABILITY = YES;
				GCC_C_LANGUAGE_STANDARD = gnu11;
				GCC_DYNAMIC_NO_PIC = NO;
				GCC_NO_COMMON_BLOCKS = YES;
				GCC_OPTIMIZATION_LEVEL = 0;
				GCC_PREPROCESSOR_DEFINITIONS = (
					"DEBUG=1",
					"$(inherited)",
				);
				GCC_WARN_64_TO_32_BIT_CONVERSION = YES;
				GCC_WARN_ABOUT_RETURN_TYPE = YES_ERROR;
				GCC_WARN_UNDECLARED_SELECTOR = YES;
				GCC_WARN_UNINITIALIZED_AUTOS = YES_AGGRESSIVE;
				GCC_WARN_UNUSED_FUNCTION = YES;
				GCC_WARN_UNUSED_VARIABLE = YES;
				IPHONEOS_DEPLOYMENT_TARGET = 14.4;
				MTL_ENABLE_DEBUG_INFO = INCLUDE_SOURCE;
				MTL_FAST_MATH = YES;
				ONLY_ACTIVE_ARCH = YES;
				SDKROOT = iphoneos;
				SWIFT_ACTIVE_COMPILATION_CONDITIONS = DEBUG;
				SWIFT_OPTIMIZATION_LEVEL = "-Onone";
			};
			name = Debug;
		};
		070CE4702617E3B60044F8AF /* Release */ = {
			isa = XCBuildConfiguration;
			buildSettings = {
				ALWAYS_SEARCH_USER_PATHS = NO;
				CLANG_ANALYZER_NONNULL = YES;
				CLANG_ANALYZER_NUMBER_OBJECT_CONVERSION = YES_AGGRESSIVE;
				CLANG_CXX_LANGUAGE_STANDARD = "gnu++14";
				CLANG_CXX_LIBRARY = "libc++";
				CLANG_ENABLE_MODULES = YES;
				CLANG_ENABLE_OBJC_ARC = YES;
				CLANG_ENABLE_OBJC_WEAK = YES;
				CLANG_WARN_BLOCK_CAPTURE_AUTORELEASING = YES;
				CLANG_WARN_BOOL_CONVERSION = YES;
				CLANG_WARN_COMMA = YES;
				CLANG_WARN_CONSTANT_CONVERSION = YES;
				CLANG_WARN_DEPRECATED_OBJC_IMPLEMENTATIONS = YES;
				CLANG_WARN_DIRECT_OBJC_ISA_USAGE = YES_ERROR;
				CLANG_WARN_DOCUMENTATION_COMMENTS = YES;
				CLANG_WARN_EMPTY_BODY = YES;
				CLANG_WARN_ENUM_CONVERSION = YES;
				CLANG_WARN_INFINITE_RECURSION = YES;
				CLANG_WARN_INT_CONVERSION = YES;
				CLANG_WARN_NON_LITERAL_NULL_CONVERSION = YES;
				CLANG_WARN_OBJC_IMPLICIT_RETAIN_SELF = YES;
				CLANG_WARN_OBJC_LITERAL_CONVERSION = YES;
				CLANG_WARN_OBJC_ROOT_CLASS = YES_ERROR;
				CLANG_WARN_QUOTED_INCLUDE_IN_FRAMEWORK_HEADER = YES;
				CLANG_WARN_RANGE_LOOP_ANALYSIS = YES;
				CLANG_WARN_STRICT_PROTOTYPES = YES;
				CLANG_WARN_SUSPICIOUS_MOVE = YES;
				CLANG_WARN_UNGUARDED_AVAILABILITY = YES_AGGRESSIVE;
				CLANG_WARN_UNREACHABLE_CODE = YES;
				CLANG_WARN__DUPLICATE_METHOD_MATCH = YES;
				COPY_PHASE_STRIP = NO;
				DEBUG_INFORMATION_FORMAT = "dwarf-with-dsym";
				ENABLE_NS_ASSERTIONS = NO;
				ENABLE_STRICT_OBJC_MSGSEND = YES;
				GCC_C_LANGUAGE_STANDARD = gnu11;
				GCC_NO_COMMON_BLOCKS = YES;
				GCC_WARN_64_TO_32_BIT_CONVERSION = YES;
				GCC_WARN_ABOUT_RETURN_TYPE = YES_ERROR;
				GCC_WARN_UNDECLARED_SELECTOR = YES;
				GCC_WARN_UNINITIALIZED_AUTOS = YES_AGGRESSIVE;
				GCC_WARN_UNUSED_FUNCTION = YES;
				GCC_WARN_UNUSED_VARIABLE = YES;
				IPHONEOS_DEPLOYMENT_TARGET = 14.4;
				MTL_ENABLE_DEBUG_INFO = NO;
				MTL_FAST_MATH = YES;
				SDKROOT = iphoneos;
				SWIFT_COMPILATION_MODE = wholemodule;
				SWIFT_OPTIMIZATION_LEVEL = "-O";
				VALIDATE_PRODUCT = YES;
			};
			name = Release;
		};
		070CE4722617E3B60044F8AF /* Debug */ = {
			isa = XCBuildConfiguration;
			buildSettings = {
				ASSETCATALOG_COMPILER_APPICON_NAME = AppIcon;
				ASSETCATALOG_COMPILER_GLOBAL_ACCENT_COLOR_NAME = AccentColor;
				CODE_SIGN_STYLE = Automatic;
				DEVELOPMENT_TEAM = 3LLPJ6PXWR;
				INFOPLIST_FILE = "Pose Playback/Info.plist";
				LD_RUNPATH_SEARCH_PATHS = (
					"$(inherited)",
					"@executable_path/Frameworks",
				);
				PRODUCT_BUNDLE_IDENTIFIER = "org.mskcc.techinc.Pose-Playback";
				PRODUCT_NAME = "$(TARGET_NAME)";
				SWIFT_VERSION = 5.0;
				TARGETED_DEVICE_FAMILY = "1,2";
			};
			name = Debug;
		};
		070CE4732617E3B60044F8AF /* Release */ = {
			isa = XCBuildConfiguration;
			buildSettings = {
				ASSETCATALOG_COMPILER_APPICON_NAME = AppIcon;
				ASSETCATALOG_COMPILER_GLOBAL_ACCENT_COLOR_NAME = AccentColor;
				CODE_SIGN_STYLE = Automatic;
				DEVELOPMENT_TEAM = 3LLPJ6PXWR;
				INFOPLIST_FILE = "Pose Playback/Info.plist";
				LD_RUNPATH_SEARCH_PATHS = (
					"$(inherited)",
					"@executable_path/Frameworks",
				);
				PRODUCT_BUNDLE_IDENTIFIER = "org.mskcc.techinc.Pose-Playback";
				PRODUCT_NAME = "$(TARGET_NAME)";
				SWIFT_VERSION = 5.0;
				TARGETED_DEVICE_FAMILY = "1,2";
			};
			name = Release;
		};
/* End XCBuildConfiguration section */

/* Begin XCConfigurationList section */
		070CE4582617E3B30044F8AF /* Build configuration list for PBXProject "Pose Playback" */ = {
			isa = XCConfigurationList;
			buildConfigurations = (
				070CE46F2617E3B60044F8AF /* Debug */,
				070CE4702617E3B60044F8AF /* Release */,
			);
			defaultConfigurationIsVisible = 0;
			defaultConfigurationName = Release;
		};
		070CE4712617E3B60044F8AF /* Build configuration list for PBXNativeTarget "Pose Playback" */ = {
			isa = XCConfigurationList;
			buildConfigurations = (
				070CE4722617E3B60044F8AF /* Debug */,
				070CE4732617E3B60044F8AF /* Release */,
			);
			defaultConfigurationIsVisible = 0;
			defaultConfigurationName = Release;
		};
/* End XCConfigurationList section */
	};
	rootObject = 070CE4552617E3B30044F8AF /* Project object */;
}
